// !$*UTF8*$!
{
	archiveVersion = 1;
	classes = {
	};
	objectVersion = 46;
	objects = {

/* Begin PBXBuildFile section */
		6C714DA81378F40B00E1E68A /* WSKSoapRequest.h in Headers */ = {isa = PBXBuildFile; fileRef = 6C714DA61378F40B00E1E68A /* WSKSoapRequest.h */; settings = {ATTRIBUTES = (Public, ); }; };
		6C714DA91378F40B00E1E68A /* WSKSoapRequest.m in Sources */ = {isa = PBXBuildFile; fileRef = 6C714DA71378F40B00E1E68A /* WSKSoapRequest.m */; };
		6C7A918F135D19C2007E530E /* WSKSOAPDecoder.h in Headers */ = {isa = PBXBuildFile; fileRef = 6C7A9187135D19C2007E530E /* WSKSOAPDecoder.h */; settings = {ATTRIBUTES = (Public, ); }; };
		6C7A9190135D19C2007E530E /* WSKSOAPDecoder.m in Sources */ = {isa = PBXBuildFile; fileRef = 6C7A9188135D19C2007E530E /* WSKSOAPDecoder.m */; };
		6C7A9191135D19C2007E530E /* WSKSOAPEncoder.h in Headers */ = {isa = PBXBuildFile; fileRef = 6C7A9189135D19C2007E530E /* WSKSOAPEncoder.h */; settings = {ATTRIBUTES = (Public, ); }; };
		6C7A9192135D19C2007E530E /* WSKSOAPEncoder.m in Sources */ = {isa = PBXBuildFile; fileRef = 6C7A918A135D19C2007E530E /* WSKSOAPEncoder.m */; };
		6C7A9195135D19C2007E530E /* WSKSoapService.h in Headers */ = {isa = PBXBuildFile; fileRef = 6C7A918D135D19C2007E530E /* WSKSoapService.h */; settings = {ATTRIBUTES = (Public, ); }; };
		6C7A9196135D19C2007E530E /* WSKSoapService.m in Sources */ = {isa = PBXBuildFile; fileRef = 6C7A918E135D19C2007E530E /* WSKSoapService.m */; };
		6C85A5F713FCA9D600DA81E0 /* LICENSE in Resources */ = {isa = PBXBuildFile; fileRef = 6C85A5F513FCA9D600DA81E0 /* LICENSE */; };
		6C85A5F813FCA9D600DA81E0 /* README.md in Resources */ = {isa = PBXBuildFile; fileRef = 6C85A5F613FCA9D600DA81E0 /* README.md */; };
		6C917172136377980031FCBB /* NSXMLElement+WebServiceKit.h in Headers */ = {isa = PBXBuildFile; fileRef = 6C917170136377980031FCBB /* NSXMLElement+WebServiceKit.h */; };
		6C917173136377980031FCBB /* NSXMLElement+WebServiceKit.m in Sources */ = {isa = PBXBuildFile; fileRef = 6C917171136377980031FCBB /* NSXMLElement+WebServiceKit.m */; };
		6C9171761364B1BE0031FCBB /* WSKSoapResponse.h in Headers */ = {isa = PBXBuildFile; fileRef = 6C9171741364B1BE0031FCBB /* WSKSoapResponse.h */; settings = {ATTRIBUTES = (Public, ); }; };
		6C9171771364B1BE0031FCBB /* WSKSoapResponse.m in Sources */ = {isa = PBXBuildFile; fileRef = 6C9171751364B1BE0031FCBB /* WSKSoapResponse.m */; };
		6C9171C7136678020031FCBB /* WSKSoapFault.h in Headers */ = {isa = PBXBuildFile; fileRef = 6C9171C5136678020031FCBB /* WSKSoapFault.h */; settings = {ATTRIBUTES = (Public, ); }; };
		6C9171C8136678020031FCBB /* WSKSoapFault.m in Sources */ = {isa = PBXBuildFile; fileRef = 6C9171C6136678020031FCBB /* WSKSoapFault.m */; };
		6CDA838613E6067E0008221C /* WSKKeyedArchiver.h in Headers */ = {isa = PBXBuildFile; fileRef = 6CDA838413E6067E0008221C /* WSKKeyedArchiver.h */; settings = {ATTRIBUTES = (Public, ); }; };
		6CDA838713E6067E0008221C /* WSKKeyedArchiver.m in Sources */ = {isa = PBXBuildFile; fileRef = 6CDA838513E6067E0008221C /* WSKKeyedArchiver.m */; };
		6CDA838B13E629160008221C /* WSKKeyedUnarchiver.h in Headers */ = {isa = PBXBuildFile; fileRef = 6CDA838913E629150008221C /* WSKKeyedUnarchiver.h */; settings = {ATTRIBUTES = (Public, ); }; };
		6CDA838C13E629160008221C /* WSKKeyedUnarchiver.m in Sources */ = {isa = PBXBuildFile; fileRef = 6CDA838A13E629150008221C /* WSKKeyedUnarchiver.m */; };
		6CF7A5331384D94F00BBE917 /* ISO8601DateFormatter.h in Headers */ = {isa = PBXBuildFile; fileRef = 6CF7A52F1384D94F00BBE917 /* ISO8601DateFormatter.h */; };
		6CF7A5341384D94F00BBE917 /* ISO8601DateFormatter.m in Sources */ = {isa = PBXBuildFile; fileRef = 6CF7A5301384D94F00BBE917 /* ISO8601DateFormatter.m */; };
		6CFDA883135A2E4F00263F26 /* Cocoa.framework in Frameworks */ = {isa = PBXBuildFile; fileRef = 6CFDA882135A2E4F00263F26 /* Cocoa.framework */; };
		6CFDA88D135A2E4F00263F26 /* InfoPlist.strings in Resources */ = {isa = PBXBuildFile; fileRef = 6CFDA88B135A2E4F00263F26 /* InfoPlist.strings */; };
		6CFDA8E6135A3D0900263F26 /* WebServiceKit.h in Headers */ = {isa = PBXBuildFile; fileRef = 6CFDA8DF135A3D0900263F26 /* WebServiceKit.h */; settings = {ATTRIBUTES = (Public, ); }; };
		6CFDA8E7135A3D0900263F26 /* WSKRequest.h in Headers */ = {isa = PBXBuildFile; fileRef = 6CFDA8E0135A3D0900263F26 /* WSKRequest.h */; settings = {ATTRIBUTES = (Public, ); }; };
		6CFDA8E8135A3D0900263F26 /* WSKRequest.m in Sources */ = {isa = PBXBuildFile; fileRef = 6CFDA8E1135A3D0900263F26 /* WSKRequest.m */; };
		6CFDA8E9135A3D0900263F26 /* WSKResponse.h in Headers */ = {isa = PBXBuildFile; fileRef = 6CFDA8E2135A3D0900263F26 /* WSKResponse.h */; settings = {ATTRIBUTES = (Public, ); }; };
		6CFDA8EA135A3D0900263F26 /* WSKResponse.m in Sources */ = {isa = PBXBuildFile; fileRef = 6CFDA8E3135A3D0900263F26 /* WSKResponse.m */; };
		6CFDA8EB135A3D0900263F26 /* WSKService.h in Headers */ = {isa = PBXBuildFile; fileRef = 6CFDA8E4135A3D0900263F26 /* WSKService.h */; settings = {ATTRIBUTES = (Public, ); }; };
		6CFDA8EC135A3D0900263F26 /* WSKService.m in Sources */ = {isa = PBXBuildFile; fileRef = 6CFDA8E5135A3D0900263F26 /* WSKService.m */; };
/* End PBXBuildFile section */

/* Begin PBXFileReference section */
		6C714DA61378F40B00E1E68A /* WSKSoapRequest.h */ = {isa = PBXFileReference; fileEncoding = 4; lastKnownFileType = sourcecode.c.h; path = WSKSoapRequest.h; sourceTree = "<group>"; };
		6C714DA71378F40B00E1E68A /* WSKSoapRequest.m */ = {isa = PBXFileReference; fileEncoding = 4; lastKnownFileType = sourcecode.c.objc; path = WSKSoapRequest.m; sourceTree = "<group>"; };
		6C7A9187135D19C2007E530E /* WSKSOAPDecoder.h */ = {isa = PBXFileReference; fileEncoding = 4; lastKnownFileType = sourcecode.c.h; path = WSKSOAPDecoder.h; sourceTree = "<group>"; };
		6C7A9188135D19C2007E530E /* WSKSOAPDecoder.m */ = {isa = PBXFileReference; fileEncoding = 4; lastKnownFileType = sourcecode.c.objc; path = WSKSOAPDecoder.m; sourceTree = "<group>"; };
		6C7A9189135D19C2007E530E /* WSKSOAPEncoder.h */ = {isa = PBXFileReference; fileEncoding = 4; lastKnownFileType = sourcecode.c.h; path = WSKSOAPEncoder.h; sourceTree = "<group>"; };
		6C7A918A135D19C2007E530E /* WSKSOAPEncoder.m */ = {isa = PBXFileReference; fileEncoding = 4; lastKnownFileType = sourcecode.c.objc; path = WSKSOAPEncoder.m; sourceTree = "<group>"; };
		6C7A918D135D19C2007E530E /* WSKSoapService.h */ = {isa = PBXFileReference; fileEncoding = 4; lastKnownFileType = sourcecode.c.h; path = WSKSoapService.h; sourceTree = "<group>"; };
		6C7A918E135D19C2007E530E /* WSKSoapService.m */ = {isa = PBXFileReference; fileEncoding = 4; lastKnownFileType = sourcecode.c.objc; path = WSKSoapService.m; sourceTree = "<group>"; };
		6C85A5F513FCA9D600DA81E0 /* LICENSE */ = {isa = PBXFileReference; fileEncoding = 4; lastKnownFileType = text; path = LICENSE; sourceTree = "<group>"; };
		6C85A5F613FCA9D600DA81E0 /* README.md */ = {isa = PBXFileReference; fileEncoding = 4; lastKnownFileType = text; path = README.md; sourceTree = "<group>"; };
		6C917170136377980031FCBB /* NSXMLElement+WebServiceKit.h */ = {isa = PBXFileReference; fileEncoding = 4; lastKnownFileType = sourcecode.c.h; path = "NSXMLElement+WebServiceKit.h"; sourceTree = "<group>"; };
		6C917171136377980031FCBB /* NSXMLElement+WebServiceKit.m */ = {isa = PBXFileReference; fileEncoding = 4; lastKnownFileType = sourcecode.c.objc; path = "NSXMLElement+WebServiceKit.m"; sourceTree = "<group>"; };
		6C9171741364B1BE0031FCBB /* WSKSoapResponse.h */ = {isa = PBXFileReference; fileEncoding = 4; lastKnownFileType = sourcecode.c.h; path = WSKSoapResponse.h; sourceTree = "<group>"; };
		6C9171751364B1BE0031FCBB /* WSKSoapResponse.m */ = {isa = PBXFileReference; fileEncoding = 4; lastKnownFileType = sourcecode.c.objc; path = WSKSoapResponse.m; sourceTree = "<group>"; };
		6C9171C5136678020031FCBB /* WSKSoapFault.h */ = {isa = PBXFileReference; fileEncoding = 4; lastKnownFileType = sourcecode.c.h; path = WSKSoapFault.h; sourceTree = "<group>"; };
		6C9171C6136678020031FCBB /* WSKSoapFault.m */ = {isa = PBXFileReference; fileEncoding = 4; lastKnownFileType = sourcecode.c.objc; path = WSKSoapFault.m; sourceTree = "<group>"; };
		6CDA838413E6067E0008221C /* WSKKeyedArchiver.h */ = {isa = PBXFileReference; fileEncoding = 4; lastKnownFileType = sourcecode.c.h; path = WSKKeyedArchiver.h; sourceTree = "<group>"; };
		6CDA838513E6067E0008221C /* WSKKeyedArchiver.m */ = {isa = PBXFileReference; fileEncoding = 4; lastKnownFileType = sourcecode.c.objc; path = WSKKeyedArchiver.m; sourceTree = "<group>"; };
		6CDA838913E629150008221C /* WSKKeyedUnarchiver.h */ = {isa = PBXFileReference; fileEncoding = 4; lastKnownFileType = sourcecode.c.h; path = WSKKeyedUnarchiver.h; sourceTree = "<group>"; };
		6CDA838A13E629150008221C /* WSKKeyedUnarchiver.m */ = {isa = PBXFileReference; fileEncoding = 4; lastKnownFileType = sourcecode.c.objc; path = WSKKeyedUnarchiver.m; sourceTree = "<group>"; };
		6CF7A52F1384D94F00BBE917 /* ISO8601DateFormatter.h */ = {isa = PBXFileReference; fileEncoding = 4; lastKnownFileType = sourcecode.c.h; path = ISO8601DateFormatter.h; sourceTree = "<group>"; };
		6CF7A5301384D94F00BBE917 /* ISO8601DateFormatter.m */ = {isa = PBXFileReference; fileEncoding = 4; lastKnownFileType = sourcecode.c.objc; path = ISO8601DateFormatter.m; sourceTree = "<group>"; };
		6CF7A5311384D94F00BBE917 /* LICENSE.txt */ = {isa = PBXFileReference; fileEncoding = 4; lastKnownFileType = text; path = LICENSE.txt; sourceTree = "<group>"; };
		6CF7A5321384D94F00BBE917 /* README.txt */ = {isa = PBXFileReference; fileEncoding = 4; lastKnownFileType = text; path = README.txt; sourceTree = "<group>"; };
		6CFDA87F135A2E4F00263F26 /* WebServiceKit.framework */ = {isa = PBXFileReference; explicitFileType = wrapper.framework; includeInIndex = 0; path = WebServiceKit.framework; sourceTree = BUILT_PRODUCTS_DIR; };
		6CFDA882135A2E4F00263F26 /* Cocoa.framework */ = {isa = PBXFileReference; lastKnownFileType = wrapper.framework; name = Cocoa.framework; path = System/Library/Frameworks/Cocoa.framework; sourceTree = SDKROOT; };
		6CFDA885135A2E4F00263F26 /* AppKit.framework */ = {isa = PBXFileReference; lastKnownFileType = wrapper.framework; name = AppKit.framework; path = System/Library/Frameworks/AppKit.framework; sourceTree = SDKROOT; };
		6CFDA886135A2E4F00263F26 /* CoreData.framework */ = {isa = PBXFileReference; lastKnownFileType = wrapper.framework; name = CoreData.framework; path = System/Library/Frameworks/CoreData.framework; sourceTree = SDKROOT; };
		6CFDA887135A2E4F00263F26 /* Foundation.framework */ = {isa = PBXFileReference; lastKnownFileType = wrapper.framework; name = Foundation.framework; path = System/Library/Frameworks/Foundation.framework; sourceTree = SDKROOT; };
		6CFDA88A135A2E4F00263F26 /* WebServiceKit-Info.plist */ = {isa = PBXFileReference; lastKnownFileType = text.plist.xml; path = "WebServiceKit-Info.plist"; sourceTree = SOURCE_ROOT; };
		6CFDA88C135A2E4F00263F26 /* en */ = {isa = PBXFileReference; lastKnownFileType = text.plist.strings; name = en; path = en.lproj/InfoPlist.strings; sourceTree = "<group>"; };
		6CFDA88E135A2E4F00263F26 /* WebServiceKit-Prefix.pch */ = {isa = PBXFileReference; lastKnownFileType = sourcecode.c.h; path = "WebServiceKit-Prefix.pch"; sourceTree = SOURCE_ROOT; };
		6CFDA8DF135A3D0900263F26 /* WebServiceKit.h */ = {isa = PBXFileReference; fileEncoding = 4; lastKnownFileType = sourcecode.c.h; path = WebServiceKit.h; sourceTree = "<group>"; };
		6CFDA8E0135A3D0900263F26 /* WSKRequest.h */ = {isa = PBXFileReference; fileEncoding = 4; lastKnownFileType = sourcecode.c.h; path = WSKRequest.h; sourceTree = "<group>"; };
		6CFDA8E1135A3D0900263F26 /* WSKRequest.m */ = {isa = PBXFileReference; fileEncoding = 4; lastKnownFileType = sourcecode.c.objc; path = WSKRequest.m; sourceTree = "<group>"; };
		6CFDA8E2135A3D0900263F26 /* WSKResponse.h */ = {isa = PBXFileReference; fileEncoding = 4; lastKnownFileType = sourcecode.c.h; path = WSKResponse.h; sourceTree = "<group>"; };
		6CFDA8E3135A3D0900263F26 /* WSKResponse.m */ = {isa = PBXFileReference; fileEncoding = 4; lastKnownFileType = sourcecode.c.objc; path = WSKResponse.m; sourceTree = "<group>"; };
		6CFDA8E4135A3D0900263F26 /* WSKService.h */ = {isa = PBXFileReference; fileEncoding = 4; lastKnownFileType = sourcecode.c.h; path = WSKService.h; sourceTree = "<group>"; };
		6CFDA8E5135A3D0900263F26 /* WSKService.m */ = {isa = PBXFileReference; fileEncoding = 4; lastKnownFileType = sourcecode.c.objc; path = WSKService.m; sourceTree = "<group>"; };
/* End PBXFileReference section */

/* Begin PBXFrameworksBuildPhase section */
		6CFDA87B135A2E4F00263F26 /* Frameworks */ = {
			isa = PBXFrameworksBuildPhase;
			buildActionMask = 2147483647;
			files = (
				6CFDA883135A2E4F00263F26 /* Cocoa.framework in Frameworks */,
			);
			runOnlyForDeploymentPostprocessing = 0;
		};
/* End PBXFrameworksBuildPhase section */

/* Begin PBXGroup section */
		6C0AFB5B13F8A1DA005AD357 /* REST */ = {
			isa = PBXGroup;
			children = (
			);
			path = REST;
			sourceTree = "<group>";
		};
		6C7A9186135D19C2007E530E /* SOAP */ = {
			isa = PBXGroup;
			children = (
				6C7A918D135D19C2007E530E /* WSKSoapService.h */,
				6C7A918E135D19C2007E530E /* WSKSoapService.m */,
				6C714DA61378F40B00E1E68A /* WSKSoapRequest.h */,
				6C714DA71378F40B00E1E68A /* WSKSoapRequest.m */,
				6C9171741364B1BE0031FCBB /* WSKSoapResponse.h */,
				6C9171751364B1BE0031FCBB /* WSKSoapResponse.m */,
				6C7A9187135D19C2007E530E /* WSKSOAPDecoder.h */,
				6C7A9188135D19C2007E530E /* WSKSOAPDecoder.m */,
				6C7A9189135D19C2007E530E /* WSKSOAPEncoder.h */,
				6C7A918A135D19C2007E530E /* WSKSOAPEncoder.m */,
				6C9171C5136678020031FCBB /* WSKSoapFault.h */,
				6C9171C6136678020031FCBB /* WSKSoapFault.m */,
			);
			path = SOAP;
			sourceTree = "<group>";
		};
		6C91716E136377570031FCBB /* Additions */ = {
			isa = PBXGroup;
			children = (
				6C917170136377980031FCBB /* NSXMLElement+WebServiceKit.h */,
				6C917171136377980031FCBB /* NSXMLElement+WebServiceKit.m */,
			);
			path = Additions;
			sourceTree = "<group>";
		};
		6CF7A52D1384D94F00BBE917 /* Libraries */ = {
			isa = PBXGroup;
			children = (
				6CF7A52E1384D94F00BBE917 /* ISO-8601-parser-0.5 */,
			);
			path = Libraries;
			sourceTree = SOURCE_ROOT;
		};
		6CF7A52E1384D94F00BBE917 /* ISO-8601-parser-0.5 */ = {
			isa = PBXGroup;
			children = (
				6CF7A52F1384D94F00BBE917 /* ISO8601DateFormatter.h */,
				6CF7A5301384D94F00BBE917 /* ISO8601DateFormatter.m */,
				6CF7A5311384D94F00BBE917 /* LICENSE.txt */,
				6CF7A5321384D94F00BBE917 /* README.txt */,
			);
			path = "ISO-8601-parser-0.5";
			sourceTree = "<group>";
		};
		6CFDA873135A2E4F00263F26 = {
			isa = PBXGroup;
			children = (
				6C85A5F513FCA9D600DA81E0 /* LICENSE */,
				6C85A5F613FCA9D600DA81E0 /* README.md */,
				6CFDA8DE135A3D0900263F26 /* Source */,
				6CF7A52D1384D94F00BBE917 /* Libraries */,
				6CFDA889135A2E4F00263F26 /* Supporting Files */,
				6CFDA881135A2E4F00263F26 /* Frameworks */,
				6CFDA880135A2E4F00263F26 /* Products */,
			);
			sourceTree = "<group>";
		};
		6CFDA880135A2E4F00263F26 /* Products */ = {
			isa = PBXGroup;
			children = (
				6CFDA87F135A2E4F00263F26 /* WebServiceKit.framework */,
			);
			name = Products;
			sourceTree = "<group>";
		};
		6CFDA881135A2E4F00263F26 /* Frameworks */ = {
			isa = PBXGroup;
			children = (
				6CFDA882135A2E4F00263F26 /* Cocoa.framework */,
				6CFDA884135A2E4F00263F26 /* Other Frameworks */,
			);
			name = Frameworks;
			sourceTree = "<group>";
		};
		6CFDA884135A2E4F00263F26 /* Other Frameworks */ = {
			isa = PBXGroup;
			children = (
				6CFDA885135A2E4F00263F26 /* AppKit.framework */,
				6CFDA886135A2E4F00263F26 /* CoreData.framework */,
				6CFDA887135A2E4F00263F26 /* Foundation.framework */,
			);
			name = "Other Frameworks";
			sourceTree = "<group>";
		};
		6CFDA889135A2E4F00263F26 /* Supporting Files */ = {
			isa = PBXGroup;
			children = (
				6CFDA88A135A2E4F00263F26 /* WebServiceKit-Info.plist */,
				6CFDA88B135A2E4F00263F26 /* InfoPlist.strings */,
				6CFDA88E135A2E4F00263F26 /* WebServiceKit-Prefix.pch */,
			);
			name = "Supporting Files";
			path = WebServiceKit;
			sourceTree = "<group>";
		};
		6CFDA8DE135A3D0900263F26 /* Source */ = {
			isa = PBXGroup;
			children = (
				6C91716E136377570031FCBB /* Additions */,
				6CFDA8DF135A3D0900263F26 /* WebServiceKit.h */,
				6CFDA8E4135A3D0900263F26 /* WSKService.h */,
				6CFDA8E5135A3D0900263F26 /* WSKService.m */,
				6CFDA8E0135A3D0900263F26 /* WSKRequest.h */,
				6CFDA8E1135A3D0900263F26 /* WSKRequest.m */,
				6CFDA8E2135A3D0900263F26 /* WSKResponse.h */,
				6CFDA8E3135A3D0900263F26 /* WSKResponse.m */,
				6CDA838413E6067E0008221C /* WSKKeyedArchiver.h */,
				6CDA838513E6067E0008221C /* WSKKeyedArchiver.m */,
				6CDA838913E629150008221C /* WSKKeyedUnarchiver.h */,
				6CDA838A13E629150008221C /* WSKKeyedUnarchiver.m */,
				6C0AFB5B13F8A1DA005AD357 /* REST */,
				6C7A9186135D19C2007E530E /* SOAP */,
			);
			path = Source;
			sourceTree = SOURCE_ROOT;
		};
/* End PBXGroup section */

/* Begin PBXHeadersBuildPhase section */
		6CFDA87C135A2E4F00263F26 /* Headers */ = {
			isa = PBXHeadersBuildPhase;
			buildActionMask = 2147483647;
			files = (
				6CFDA8E6135A3D0900263F26 /* WebServiceKit.h in Headers */,
				6CFDA8EB135A3D0900263F26 /* WSKService.h in Headers */,
				6CFDA8E7135A3D0900263F26 /* WSKRequest.h in Headers */,
				6C7A918F135D19C2007E530E /* WSKSOAPDecoder.h in Headers */,
				6C7A9191135D19C2007E530E /* WSKSOAPEncoder.h in Headers */,
				6C7A9195135D19C2007E530E /* WSKSoapService.h in Headers */,
				6C714DA81378F40B00E1E68A /* WSKSoapRequest.h in Headers */,
				6C9171761364B1BE0031FCBB /* WSKSoapResponse.h in Headers */,
				6C9171C7136678020031FCBB /* WSKSoapFault.h in Headers */,
				6CFDA8E9135A3D0900263F26 /* WSKResponse.h in Headers */,
				6CDA838613E6067E0008221C /* WSKKeyedArchiver.h in Headers */,
				6CDA838B13E629160008221C /* WSKKeyedUnarchiver.h in Headers */,
				6C917172136377980031FCBB /* NSXMLElement+WebServiceKit.h in Headers */,
				6CF7A5331384D94F00BBE917 /* ISO8601DateFormatter.h in Headers */,
			);
			runOnlyForDeploymentPostprocessing = 0;
		};
/* End PBXHeadersBuildPhase section */

/* Begin PBXNativeTarget section */
		6CFDA87E135A2E4F00263F26 /* WebServiceKit */ = {
			isa = PBXNativeTarget;
			buildConfigurationList = 6CFDA891135A2E4F00263F26 /* Build configuration list for PBXNativeTarget "WebServiceKit" */;
			buildPhases = (
				6CFDA87A135A2E4F00263F26 /* Sources */,
				6CFDA87B135A2E4F00263F26 /* Frameworks */,
				6CFDA87C135A2E4F00263F26 /* Headers */,
				6CFDA87D135A2E4F00263F26 /* Resources */,
			);
			buildRules = (
			);
			dependencies = (
			);
			name = WebServiceKit;
			productName = WebServiceKit;
			productReference = 6CFDA87F135A2E4F00263F26 /* WebServiceKit.framework */;
			productType = "com.apple.product-type.framework";
		};
/* End PBXNativeTarget section */

/* Begin PBXProject section */
		6CFDA875135A2E4F00263F26 /* Project object */ = {
			isa = PBXProject;
			attributes = {
				LastUpgradeCheck = 0420;
				ORGANIZATIONNAME = "g-Off.net";
			};
			buildConfigurationList = 6CFDA878135A2E4F00263F26 /* Build configuration list for PBXProject "WebServiceKit" */;
			compatibilityVersion = "Xcode 3.2";
			developmentRegion = English;
			hasScannedForEncodings = 0;
			knownRegions = (
				en,
			);
			mainGroup = 6CFDA873135A2E4F00263F26;
			productRefGroup = 6CFDA880135A2E4F00263F26 /* Products */;
			projectDirPath = "";
			projectRoot = "";
			targets = (
				6CFDA87E135A2E4F00263F26 /* WebServiceKit */,
			);
		};
/* End PBXProject section */

/* Begin PBXResourcesBuildPhase section */
		6CFDA87D135A2E4F00263F26 /* Resources */ = {
			isa = PBXResourcesBuildPhase;
			buildActionMask = 2147483647;
			files = (
				6CFDA88D135A2E4F00263F26 /* InfoPlist.strings in Resources */,
				6C85A5F713FCA9D600DA81E0 /* LICENSE in Resources */,
				6C85A5F813FCA9D600DA81E0 /* README.md in Resources */,
			);
			runOnlyForDeploymentPostprocessing = 0;
		};
/* End PBXResourcesBuildPhase section */

/* Begin PBXSourcesBuildPhase section */
		6CFDA87A135A2E4F00263F26 /* Sources */ = {
			isa = PBXSourcesBuildPhase;
			buildActionMask = 2147483647;
			files = (
				6CFDA8E8135A3D0900263F26 /* WSKRequest.m in Sources */,
				6CFDA8EA135A3D0900263F26 /* WSKResponse.m in Sources */,
				6CFDA8EC135A3D0900263F26 /* WSKService.m in Sources */,
				6C7A9190135D19C2007E530E /* WSKSOAPDecoder.m in Sources */,
				6C7A9192135D19C2007E530E /* WSKSOAPEncoder.m in Sources */,
				6C7A9196135D19C2007E530E /* WSKSoapService.m in Sources */,
				6C917173136377980031FCBB /* NSXMLElement+WebServiceKit.m in Sources */,
				6C9171771364B1BE0031FCBB /* WSKSoapResponse.m in Sources */,
				6C9171C8136678020031FCBB /* WSKSoapFault.m in Sources */,
				6C714DA91378F40B00E1E68A /* WSKSoapRequest.m in Sources */,
				6CF7A5341384D94F00BBE917 /* ISO8601DateFormatter.m in Sources */,
				6CDA838713E6067E0008221C /* WSKKeyedArchiver.m in Sources */,
				6CDA838C13E629160008221C /* WSKKeyedUnarchiver.m in Sources */,
			);
			runOnlyForDeploymentPostprocessing = 0;
		};
/* End PBXSourcesBuildPhase section */

/* Begin PBXVariantGroup section */
		6CFDA88B135A2E4F00263F26 /* InfoPlist.strings */ = {
			isa = PBXVariantGroup;
			children = (
				6CFDA88C135A2E4F00263F26 /* en */,
			);
			name = InfoPlist.strings;
			sourceTree = SOURCE_ROOT;
		};
/* End PBXVariantGroup section */

/* Begin XCBuildConfiguration section */
		6CFDA88F135A2E4F00263F26 /* Debug */ = {
			isa = XCBuildConfiguration;
			buildSettings = {
				ARCHS = "$(ARCHS_STANDARD_32_64_BIT)";
				GCC_C_LANGUAGE_STANDARD = gnu99;
				GCC_OPTIMIZATION_LEVEL = 0;
				GCC_PREPROCESSOR_DEFINITIONS = "DEBUG=1";
				GCC_SYMBOLS_PRIVATE_EXTERN = NO;
				GCC_VERSION = com.apple.compilers.llvm.clang.1_0;
				GCC_WARN_64_TO_32_BIT_CONVERSION = YES;
				GCC_WARN_ABOUT_MISSING_PROTOTYPES = YES;
				GCC_WARN_ABOUT_RETURN_TYPE = YES;
				GCC_WARN_UNUSED_VARIABLE = YES;
				MACOSX_DEPLOYMENT_TARGET = 10.7;
				ONLY_ACTIVE_ARCH = YES;
				SDKROOT = macosx;
			};
			name = Debug;
		};
		6CFDA890135A2E4F00263F26 /* Release */ = {
			isa = XCBuildConfiguration;
			buildSettings = {
				ARCHS = "$(ARCHS_STANDARD_32_64_BIT)";
				GCC_C_LANGUAGE_STANDARD = gnu99;
				GCC_VERSION = com.apple.compilers.llvm.clang.1_0;
				GCC_WARN_64_TO_32_BIT_CONVERSION = YES;
				GCC_WARN_ABOUT_MISSING_PROTOTYPES = YES;
				GCC_WARN_ABOUT_RETURN_TYPE = YES;
				GCC_WARN_UNUSED_VARIABLE = YES;
				MACOSX_DEPLOYMENT_TARGET = 10.7;
				SDKROOT = macosx;
			};
			name = Release;
		};
		6CFDA892135A2E4F00263F26 /* Debug */ = {
			isa = XCBuildConfiguration;
			buildSettings = {
				ALWAYS_SEARCH_USER_PATHS = NO;
				COPY_PHASE_STRIP = NO;
				DYLIB_COMPATIBILITY_VERSION = 1;
				DYLIB_CURRENT_VERSION = 1;
				FRAMEWORK_VERSION = A;
				GCC_DYNAMIC_NO_PIC = NO;
				GCC_ENABLE_OBJC_EXCEPTIONS = YES;
				GCC_PRECOMPILE_PREFIX_HEADER = YES;
				GCC_PREFIX_HEADER = "WebServiceKit-Prefix.pch";
				INFOPLIST_FILE = "WebServiceKit-Info.plist";
				INSTALL_PATH = "@rpath";
				PRODUCT_NAME = "$(TARGET_NAME)";
				SKIP_INSTALL = YES;
				WRAPPER_EXTENSION = framework;
			};
			name = Debug;
		};
		6CFDA893135A2E4F00263F26 /* Release */ = {
			isa = XCBuildConfiguration;
			buildSettings = {
				ALWAYS_SEARCH_USER_PATHS = NO;
				COPY_PHASE_STRIP = YES;
				DEBUG_INFORMATION_FORMAT = "dwarf-with-dsym";
				DYLIB_COMPATIBILITY_VERSION = 1;
				DYLIB_CURRENT_VERSION = 1;
				FRAMEWORK_VERSION = A;
				GCC_ENABLE_OBJC_EXCEPTIONS = YES;
				GCC_PRECOMPILE_PREFIX_HEADER = YES;
				GCC_PREFIX_HEADER = "WebServiceKit-Prefix.pch";
				INFOPLIST_FILE = "WebServiceKit-Info.plist";
				INSTALL_PATH = "@rpath";
				PRODUCT_NAME = "$(TARGET_NAME)";
				SKIP_INSTALL = YES;
				WRAPPER_EXTENSION = framework;
			};
			name = Release;
		};
/* End XCBuildConfiguration section */

/* Begin XCConfigurationList section */
		6CFDA878135A2E4F00263F26 /* Build configuration list for PBXProject "WebServiceKit" */ = {
			isa = XCConfigurationList;
			buildConfigurations = (
				6CFDA88F135A2E4F00263F26 /* Debug */,
				6CFDA890135A2E4F00263F26 /* Release */,
			);
			defaultConfigurationIsVisible = 0;
			defaultConfigurationName = Release;
		};
		6CFDA891135A2E4F00263F26 /* Build configuration list for PBXNativeTarget "WebServiceKit" */ = {
			isa = XCConfigurationList;
			buildConfigurations = (
				6CFDA892135A2E4F00263F26 /* Debug */,
				6CFDA893135A2E4F00263F26 /* Release */,
			);
			defaultConfigurationIsVisible = 0;
			defaultConfigurationName = Release;
		};
/* End XCConfigurationList section */
	};
	rootObject = 6CFDA875135A2E4F00263F26 /* Project object */;
}
